
Microsoft Visual Studio Solution File, Format Version 12.00
# Visual Studio 15
VisualStudioVersion = 15.0.26730.3
MinimumVisualStudioVersion = 10.0.40219.1
Project("{FAE04EC0-301F-11D3-BF4B-00C04F79EFBC}") = "UnitOfWork.Application", "UnitOfWork.Application\UnitOfWork.Application.csproj", "{A1C15F7B-3036-466E-ACE6-811B088AC5B4}"
EndProject
Project("{FAE04EC0-301F-11D3-BF4B-00C04F79EFBC}") = "UnitOfWork.Domain", "UnitOfWork.Domain\UnitOfWork.Domain.csproj", "{B4F57579-8EC6-4AD9-9619-C40D6F8E517F}"
EndProject
Project("{FAE04EC0-301F-11D3-BF4B-00C04F79EFBC}") = "UnitOfWork.Infrastructure", "UnitOfWork.Infrastructure\UnitOfWork.Infrastructure.csproj", "{1E8B8606-4BA3-4906-A380-71DA264BF893}"
EndProject
Project("{FAE04EC0-301F-11D3-BF4B-00C04F79EFBC}") = "UnitOfWork.Web", "UnitOfWork.Web\UnitOfWork.Web.csproj", "{C512EBB0-396D-4F39-BB3F-EE918C0C95FC}"
EndProject
Global
	GlobalSection(SolutionConfigurationPlatforms) = preSolution
		Debug|Any CPU = Debug|Any CPU
		Release|Any CPU = Release|Any CPU
	EndGlobalSection
	GlobalSection(ProjectConfigurationPlatforms) = postSolution
		{A1C15F7B-3036-466E-ACE6-811B088AC5B4}.Debug|Any CPU.ActiveCfg = Debug|Any CPU
		{A1C15F7B-3036-466E-ACE6-811B088AC5B4}.Debug|Any CPU.Build.0 = Debug|Any CPU
		{A1C15F7B-3036-466E-ACE6-811B088AC5B4}.Release|Any CPU.ActiveCfg = Release|Any CPU
		{A1C15F7B-3036-466E-ACE6-811B088AC5B4}.Release|Any CPU.Build.0 = Release|Any CPU
		{B4F57579-8EC6-4AD9-9619-C40D6F8E517F}.Debug|Any CPU.ActiveCfg = Debug|Any CPU
		{B4F57579-8EC6-4AD9-9619-C40D6F8E517F}.Debug|Any CPU.Build.0 = Debug|Any CPU
		{B4F57579-8EC6-4AD9-9619-C40D6F8E517F}.Release|Any CPU.ActiveCfg = Release|Any CPU
		{B4F57579-8EC6-4AD9-9619-C40D6F8E517F}.Release|Any CPU.Build.0 = Release|Any CPU
		{1E8B8606-4BA3-4906-A380-71DA264BF893}.Debug|Any CPU.ActiveCfg = Debug|Any CPU
		{1E8B8606-4BA3-4906-A380-71DA264BF893}.Debug|Any CPU.Build.0 = Debug|Any CPU
		{1E8B8606-4BA3-4906-A380-71DA264BF893}.Release|Any CPU.ActiveCfg = Release|Any CPU
		{1E8B8606-4BA3-4906-A380-71DA264BF893}.Release|Any CPU.Build.0 = Release|Any CPU
		{C512EBB0-396D-4F39-BB3F-EE918C0C95FC}.Debug|Any CPU.ActiveCfg = Debug|Any CPU
		{C512EBB0-396D-4F39-BB3F-EE918C0C95FC}.Debug|Any CPU.Build.0 = Debug|Any CPU
		{C512EBB0-396D-4F39-BB3F-EE918C0C95FC}.Release|Any CPU.ActiveCfg = Release|Any CPU
		{C512EBB0-396D-4F39-BB3F-EE918C0C95FC}.Release|Any CPU.Build.0 = Release|Any CPU
	EndGlobalSection
	GlobalSection(SolutionProperties) = preSolution
		HideSolutionNode = FALSE
	EndGlobalSection
	GlobalSection(ExtensibilityGlobals) = postSolution
		SolutionGuid = {5627AF66-812E-4F5F-81F9-57D32C221B16}
	EndGlobalSection
EndGlobal
